
Microsoft Visual Studio Solution File, Format Version 12.00
# Visual Studio Version 16
VisualStudioVersion = 16.0.31829.152
MinimumVisualStudioVersion = 10.0.40219.1
Project("{9A19103F-16F7-4668-BE54-9A1E7A4F7556}") = "TimeTracking.Console", "TimeTracking\TimeTracking.Console.csproj", "{4B9677CB-16E8-4CF4-B199-641EC9600F10}"
EndProject
Project("{9A19103F-16F7-4668-BE54-9A1E7A4F7556}") = "TimeTracking.Web", "TimeTracking.Web\TimeTracking.Web.csproj", "{77349153-F038-489B-A699-F4B960044459}"
EndProject
Project("{FAE04EC0-301F-11D3-BF4B-00C04F79EFBC}") = "TimeTracking.Domain", "TimeTracking.Domain\TimeTracking.Domain.csproj", "{A10E38B0-98FF-4130-BE77-55280692C9FA}"
EndProject
Project("{FAE04EC0-301F-11D3-BF4B-00C04F79EFBC}") = "TimeTracking.Common", "TimeTracking.Common\TimeTracking.Common.csproj", "{15C94E65-124F-4C73-BF5E-6049CFC6C6C1}"
EndProject
Global
	GlobalSection(SolutionConfigurationPlatforms) = preSolution
		Debug|Any CPU = Debug|Any CPU
		Release|Any CPU = Release|Any CPU
	EndGlobalSection
	GlobalSection(ProjectConfigurationPlatforms) = postSolution
		{4B9677CB-16E8-4CF4-B199-641EC9600F10}.Debug|Any CPU.ActiveCfg = Debug|Any CPU
		{4B9677CB-16E8-4CF4-B199-641EC9600F10}.Debug|Any CPU.Build.0 = Debug|Any CPU
		{4B9677CB-16E8-4CF4-B199-641EC9600F10}.Release|Any CPU.ActiveCfg = Release|Any CPU
		{4B9677CB-16E8-4CF4-B199-641EC9600F10}.Release|Any CPU.Build.0 = Release|Any CPU
		{77349153-F038-489B-A699-F4B960044459}.Debug|Any CPU.ActiveCfg = Debug|Any CPU
		{77349153-F038-489B-A699-F4B960044459}.Debug|Any CPU.Build.0 = Debug|Any CPU
		{77349153-F038-489B-A699-F4B960044459}.Release|Any CPU.ActiveCfg = Release|Any CPU
		{77349153-F038-489B-A699-F4B960044459}.Release|Any CPU.Build.0 = Release|Any CPU
		{A10E38B0-98FF-4130-BE77-55280692C9FA}.Debug|Any CPU.ActiveCfg = Debug|Any CPU
		{A10E38B0-98FF-4130-BE77-55280692C9FA}.Debug|Any CPU.Build.0 = Debug|Any CPU
		{A10E38B0-98FF-4130-BE77-55280692C9FA}.Release|Any CPU.ActiveCfg = Release|Any CPU
		{A10E38B0-98FF-4130-BE77-55280692C9FA}.Release|Any CPU.Build.0 = Release|Any CPU
		{15C94E65-124F-4C73-BF5E-6049CFC6C6C1}.Debug|Any CPU.ActiveCfg = Debug|Any CPU
		{15C94E65-124F-4C73-BF5E-6049CFC6C6C1}.Debug|Any CPU.Build.0 = Debug|Any CPU
		{15C94E65-124F-4C73-BF5E-6049CFC6C6C1}.Release|Any CPU.ActiveCfg = Release|Any CPU
		{15C94E65-124F-4C73-BF5E-6049CFC6C6C1}.Release|Any CPU.Build.0 = Release|Any CPU
	EndGlobalSection
	GlobalSection(SolutionProperties) = preSolution
		HideSolutionNode = FALSE
	EndGlobalSection
	GlobalSection(ExtensibilityGlobals) = postSolution
		SolutionGuid = {C76E8E69-BB1F-491D-BA98-0FF14B11907F}
	EndGlobalSection
EndGlobal
